
Microsoft Visual Studio Solution File, Format Version 12.00
Project("{FAE04EC0-301F-11D3-BF4B-00C04F79EFBC}") = "SES.ConsoleApplication", "src\SES.ConsoleApplication\SES.ConsoleApplication.csproj", "{6AA2053C-C1F2-402C-A416-5F3EC4C26FFD}"
EndProject
Project("{FAE04EC0-301F-11D3-BF4B-00C04F79EFBC}") = "SES.ConsoleApplication.IntegrationTests", "src\SES.ConsoleApplication.IntegrationTests\SES.ConsoleApplication.IntegrationTests.csproj", "{4A20057F-E232-4099-870F-0F99E9D9E3BB}"
EndProject
Global
	GlobalSection(SolutionConfigurationPlatforms) = preSolution
		Debug|Any CPU = Debug|Any CPU
		Release|Any CPU = Release|Any CPU
	EndGlobalSection
	GlobalSection(ProjectConfigurationPlatforms) = postSolution
		{6AA2053C-C1F2-402C-A416-5F3EC4C26FFD}.Debug|Any CPU.ActiveCfg = Debug|Any CPU
		{6AA2053C-C1F2-402C-A416-5F3EC4C26FFD}.Debug|Any CPU.Build.0 = Debug|Any CPU
		{6AA2053C-C1F2-402C-A416-5F3EC4C26FFD}.Release|Any CPU.ActiveCfg = Release|Any CPU
		{6AA2053C-C1F2-402C-A416-5F3EC4C26FFD}.Release|Any CPU.Build.0 = Release|Any CPU
		{4A20057F-E232-4099-870F-0F99E9D9E3BB}.Debug|Any CPU.ActiveCfg = Debug|Any CPU
		{4A20057F-E232-4099-870F-0F99E9D9E3BB}.Debug|Any CPU.Build.0 = Debug|Any CPU
		{4A20057F-E232-4099-870F-0F99E9D9E3BB}.Release|Any CPU.ActiveCfg = Release|Any CPU
		{4A20057F-E232-4099-870F-0F99E9D9E3BB}.Release|Any CPU.Build.0 = Release|Any CPU
	EndGlobalSection
EndGlobal
